
Microsoft Visual Studio Solution File, Format Version 10.00
# Visual C++ Express 2008
Project("{8BC9CEB8-8B4A-11D0-8D11-00A0C91BC942}") = "c engine", "c engine\c engine.vcproj", "{9F23FADC-DA67-4253-B67B-37FB4ACC8445}"
EndProject
Project("{8BC9CEB8-8B4A-11D0-8D11-00A0C91BC942}") = "lol-file-maker", "lol-file-maker\lol-file-maker.vcproj", "{B412052D-9AB7-4E00-8CF4-E001222289A2}"
EndProject
Global
	GlobalSection(SolutionConfigurationPlatforms) = preSolution
		Debug|Win32 = Debug|Win32
		Release|Win32 = Release|Win32
	EndGlobalSection
	GlobalSection(ProjectConfigurationPlatforms) = postSolution
		{9F23FADC-DA67-4253-B67B-37FB4ACC8445}.Debug|Win32.ActiveCfg = Debug|Win32
		{9F23FADC-DA67-4253-B67B-37FB4ACC8445}.Debug|Win32.Build.0 = Debug|Win32
		{9F23FADC-DA67-4253-B67B-37FB4ACC8445}.Release|Win32.ActiveCfg = Release|Win32
		{9F23FADC-DA67-4253-B67B-37FB4ACC8445}.Release|Win32.Build.0 = Release|Win32
		{B412052D-9AB7-4E00-8CF4-E001222289A2}.Debug|Win32.ActiveCfg = Debug|Win32
		{B412052D-9AB7-4E00-8CF4-E001222289A2}.Debug|Win32.Build.0 = Debug|Win32
		{B412052D-9AB7-4E00-8CF4-E001222289A2}.Release|Win32.ActiveCfg = Release|Win32
		{B412052D-9AB7-4E00-8CF4-E001222289A2}.Release|Win32.Build.0 = Release|Win32
	EndGlobalSection
	GlobalSection(SolutionProperties) = preSolution
		HideSolutionNode = FALSE
	EndGlobalSection
EndGlobal
